<?xml version="1.0" encoding="utf-8"?>
<Project ToolsVersion="4.0" xmlns="http://schemas.microsoft.com/developer/msbuild/2003">
  <ItemGroup>
    <Filter Include="Source Files">
      <UniqueIdentifier>{4FC737F1-C7A5-4376-A066-2A32D752A2FF}</UniqueIdentifier>
      <Extensions>qml;cpp;c;cc;cxx;def;odl;idl;hpj;bat;asm;asmx</Extensions>
    </Filter>
    <Filter Include="Header Files">
      <UniqueIdentifier>{93995380-89BD-4b04-88EB-625FBE52EBFB}</UniqueIdentifier>
      <Extensions>h;hh;hpp;hxx;hm;inl;inc;xsd</Extensions>
    </Filter>
    <Filter Include="Resource Files">
      <UniqueIdentifier>{67DA6AB6-F800-4c08-8B7A-83BB121AAD01}</UniqueIdentifier>
      <Extensions>qrc;rc;ico;cur;bmp;dlg;rc2;rct;bin;rgs;gif;jpg;jpeg;jpe;resx;tiff;tif;png;wav;mfcribbon-ms</Extensions>
    </Filter>
    <Filter Include="Form Files">
      <UniqueIdentifier>{99349809-55BA-4b9d-BF79-8FDBB0286EB3}</UniqueIdentifier>
      <Extensions>ui</Extensions>
    </Filter>
    <Filter Include="Translation Files">
      <UniqueIdentifier>{639EADAA-A684-42e4-A9AD-28FC9BCB8F7C}</UniqueIdentifier>
      <Extensions>ts</Extensions>
    </Filter>
    <Filter Include="Header Files\common">
      <UniqueIdentifier>{322cfe5a-4315-4fc1-9b2b-e4334d318e87}</UniqueIdentifier>
    </Filter>
    <Filter Include="Source Files\common">
      <UniqueIdentifier>{1e3031dd-4a93-4aa2-aaec-2c92ce4c6158}</UniqueIdentifier>
    </Filter>
    <Filter Include="Form Files\common">
      <UniqueIdentifier>{8990c824-722a-4a63-bf95-859e1176c466}</UniqueIdentifier>
    </Filter>
    <Filter Include="Form Files\popup">
      <UniqueIdentifier>{bcf15435-ab11-44ca-92fa-7d536d769aa1}</UniqueIdentifier>
    </Filter>
    <Filter Include="Header Files\popup">
      <UniqueIdentifier>{aa82a61e-4a45-490a-8d6b-b7bc9e6dd926}</UniqueIdentifier>
    </Filter>
    <Filter Include="Source Files\popup">
      <UniqueIdentifier>{01bd2254-2300-497d-9dfd-d65ac1c3e87d}</UniqueIdentifier>
    </Filter>
  </ItemGroup>
  <ItemGroup>
    <ClCompile Include="..\..\src\Report\main.cpp">
      <Filter>Source Files</Filter>
    </ClCompile>
    <ClCompile Include="..\..\src\Report\Report.cpp">
      <Filter>Source Files</Filter>
    </ClCompile>
    <ClCompile Include="..\..\src\Report\ReportMenuDlg.cpp">
      <Filter>Source Files</Filter>
    </ClCompile>
    <ClCompile Include="..\..\src\Report\ReportBottomMenu.cpp">
      <Filter>Source Files</Filter>
    </ClCompile>
    <ClCompile Include="..\..\src\Report\ReportTopMenu.cpp">
      <Filter>Source Files</Filter>
    </ClCompile>
    <ClCompile Include="..\..\src\Report\ReportManager.cpp">
      <Filter>Source Files</Filter>
    </ClCompile>
    <ClCompile Include="..\..\src\Report\ReportManagerPINDlg.cpp">
      <Filter>Source Files</Filter>
    </ClCompile>
    <ClCompile Include="..\..\src\Report\ReportToday.cpp">
      <Filter>Source Files</Filter>
    </ClCompile>
    <ClCompile Include="..\..\src\Report\common\ReportPushButton.cpp">
      <Filter>Source Files\common</Filter>
    </ClCompile>
    <ClCompile Include="..\..\src\Report\common\ReportDlgWidget.cpp">
      <Filter>Source Files\common</Filter>
    </ClCompile>
    <ClCompile Include="..\..\src\Report\popup\ReportScheduleDlg.cpp">
      <Filter>Source Files\popup</Filter>
    </ClCompile>
  </ItemGroup>
  <ItemGroup>
    <QtMoc Include="..\..\src\Report\Report.h">
      <Filter>Header Files</Filter>
    </QtMoc>
    <QtMoc Include="..\..\src\Report\ReportMenuDlg.h">
      <Filter>Header Files</Filter>
    </QtMoc>
    <QtMoc Include="..\..\src\Report\ReportBottomMenu.h">
      <Filter>Header Files</Filter>
    </QtMoc>
    <QtMoc Include="..\..\src\Report\ReportTopMenu.h">
      <Filter>Header Files</Filter>
    </QtMoc>
    <QtMoc Include="..\..\src\Report\ReportManager.h">
      <Filter>Header Files</Filter>
    </QtMoc>
    <QtMoc Include="..\..\src\Report\ReportManagerPINDlg.h">
      <Filter>Header Files</Filter>
    </QtMoc>
    <QtMoc Include="..\..\src\Report\ReportToday.h">
      <Filter>Header Files</Filter>
    </QtMoc>
    <QtMoc Include="..\..\src\Report\common\ReportPushButton.h">
      <Filter>Header Files\common</Filter>
    </QtMoc>
    <QtMoc Include="..\..\src\Report\common\ReportDlgWidget.h">
      <Filter>Header Files\common</Filter>
    </QtMoc>
    <QtMoc Include="..\..\src\Report\popup\ReportScheduleDlg.h">
      <Filter>Header Files\popup</Filter>
    </QtMoc>
  </ItemGroup>
  <ItemGroup>
    <QtRcc Include="..\..\src\Report\Report.qrc">
      <Filter>Resource Files</Filter>
    </QtRcc>
  </ItemGroup>
  <ItemGroup>
    <QtUic Include="..\..\src\Report\Report.ui">
      <Filter>Form Files</Filter>
    </QtUic>
    <QtUic Include="..\..\src\Report\ReportMenuDlg.ui">
      <Filter>Form Files</Filter>
    </QtUic>
    <QtUic Include="..\..\src\Report\ReportBottomMenu.ui">
      <Filter>Form Files</Filter>
    </QtUic>
    <QtUic Include="..\..\src\Report\ReportTopMenu.ui">
      <Filter>Form Files</Filter>
    </QtUic>
    <QtUic Include="..\..\src\Report\ReportManager.ui">
      <Filter>Form Files</Filter>
    </QtUic>
    <QtUic Include="..\..\src\Report\ReportManagerPINDlg.ui">
      <Filter>Form Files</Filter>
    </QtUic>
    <QtUic Include="..\..\src\Report\ReportToday.ui">
      <Filter>Form Files</Filter>
    </QtUic>
    <QtUic Include="..\..\src\Report\common\ReportDlgWidget.ui">
      <Filter>Form Files\common</Filter>
    </QtUic>
    <QtUic Include="..\..\src\Report\popup\ReportScheduleDlg.ui">
      <Filter>Form Files\popup</Filter>
    </QtUic>
  </ItemGroup>
</Project>